// !$*UTF8*$!
{
	archiveVersion = 1;
	classes = {
	};
	objectVersion = 50;
	objects = {

/* Begin PBXBuildFile section */
		C05CC4BD240728D500C8C1BA /* DCWaveformController.swift in Sources */ = {isa = PBXBuildFile; fileRef = C05CC4BC240728D500C8C1BA /* DCWaveformController.swift */; };
		C05CC4BF2407298900C8C1BA /* WaveformController.swift in Sources */ = {isa = PBXBuildFile; fileRef = C05CC4BE2407298900C8C1BA /* WaveformController.swift */; };
		C05F7DDF240627EA00A65674 /* ElectroSpinnerViewController.swift in Sources */ = {isa = PBXBuildFile; fileRef = C05F7DDE240627EA00A65674 /* ElectroSpinnerViewController.swift */; };
		C0B85A712403531A0082E43E /* AppDelegate.swift in Sources */ = {isa = PBXBuildFile; fileRef = C0B85A702403531A0082E43E /* AppDelegate.swift */; };
		C0B85A732403531C0082E43E /* Assets.xcassets in Resources */ = {isa = PBXBuildFile; fileRef = C0B85A722403531C0082E43E /* Assets.xcassets */; };
		C0B85A762403531C0082E43E /* MainMenu.xib in Resources */ = {isa = PBXBuildFile; fileRef = C0B85A742403531C0082E43E /* MainMenu.xib */; };
		C0B85A822403531C0082E43E /* ElectroSpinnerTests.swift in Sources */ = {isa = PBXBuildFile; fileRef = C0B85A812403531C0082E43E /* ElectroSpinnerTests.swift */; };
		C0B85A8D240382C20082E43E /* PrintButton.swift in Sources */ = {isa = PBXBuildFile; fileRef = C0B85A8C240382C20082E43E /* PrintButton.swift */; };
		C0B85A8F24038F330082E43E /* ElectroSpinnerController.swift in Sources */ = {isa = PBXBuildFile; fileRef = C0B85A8E24038F330082E43E /* ElectroSpinnerController.swift */; };
		C0F7A6AD2409AD3C008490BD /* VISA.framework in Frameworks */ = {isa = PBXBuildFile; fileRef = C0F7A6AC2409AD3C008490BD /* VISA.framework */; };
		C0F7A6AE2409AD3C008490BD /* VISA.framework in Embed Frameworks */ = {isa = PBXBuildFile; fileRef = C0F7A6AC2409AD3C008490BD /* VISA.framework */; settings = {ATTRIBUTES = (CodeSignOnCopy, RemoveHeadersOnCopy, ); }; };
		C0F7A6B12409AD5C008490BD /* SwiftVISA.framework in Frameworks */ = {isa = PBXBuildFile; fileRef = C0F7A6B02409AD5C008490BD /* SwiftVISA.framework */; };
		C0F7A6B22409AD5C008490BD /* SwiftVISA.framework in Embed Frameworks */ = {isa = PBXBuildFile; fileRef = C0F7A6B02409AD5C008490BD /* SwiftVISA.framework */; settings = {ATTRIBUTES = (CodeSignOnCopy, RemoveHeadersOnCopy, ); }; };
		C0F7A6B7240B6F2B008490BD /* ElectroSpinnerView.swift in Sources */ = {isa = PBXBuildFile; fileRef = C0F7A6B6240B6F2B008490BD /* ElectroSpinnerView.swift */; };
/* End PBXBuildFile section */

/* Begin PBXContainerItemProxy section */
		C0B85A7E2403531C0082E43E /* PBXContainerItemProxy */ = {
			isa = PBXContainerItemProxy;
			containerPortal = C0B85A652403531A0082E43E /* Project object */;
			proxyType = 1;
			remoteGlobalIDString = C0B85A6C2403531A0082E43E;
			remoteInfo = ElectroSpinner;
		};
/* End PBXContainerItemProxy section */

/* Begin PBXCopyFilesBuildPhase section */
		C0F7A6AF2409AD3C008490BD /* Embed Frameworks */ = {
			isa = PBXCopyFilesBuildPhase;
			buildActionMask = 2147483647;
			dstPath = "";
			dstSubfolderSpec = 10;
			files = (
				C0F7A6AE2409AD3C008490BD /* VISA.framework in Embed Frameworks */,
				C0F7A6B22409AD5C008490BD /* SwiftVISA.framework in Embed Frameworks */,
			);
			name = "Embed Frameworks";
			runOnlyForDeploymentPostprocessing = 0;
		};
/* End PBXCopyFilesBuildPhase section */

/* Begin PBXFileReference section */
		C05CC4B9240726E100C8C1BA /* SwiftVISA.framework */ = {isa = PBXFileReference; lastKnownFileType = wrapper.framework; path = SwiftVISA.framework; sourceTree = "<group>"; };
		C05CC4BC240728D500C8C1BA /* DCWaveformController.swift */ = {isa = PBXFileReference; lastKnownFileType = sourcecode.swift; path = DCWaveformController.swift; sourceTree = "<group>"; };
		C05CC4BE2407298900C8C1BA /* WaveformController.swift */ = {isa = PBXFileReference; lastKnownFileType = sourcecode.swift; path = WaveformController.swift; sourceTree = "<group>"; };
		C05F7DDE240627EA00A65674 /* ElectroSpinnerViewController.swift */ = {isa = PBXFileReference; lastKnownFileType = sourcecode.swift; path = ElectroSpinnerViewController.swift; sourceTree = "<group>"; };
		C0B85A6D2403531A0082E43E /* ElectroSpinner.app */ = {isa = PBXFileReference; explicitFileType = wrapper.application; includeInIndex = 0; path = ElectroSpinner.app; sourceTree = BUILT_PRODUCTS_DIR; };
		C0B85A702403531A0082E43E /* AppDelegate.swift */ = {isa = PBXFileReference; lastKnownFileType = sourcecode.swift; path = AppDelegate.swift; sourceTree = "<group>"; };
		C0B85A722403531C0082E43E /* Assets.xcassets */ = {isa = PBXFileReference; lastKnownFileType = folder.assetcatalog; path = Assets.xcassets; sourceTree = "<group>"; };
		C0B85A752403531C0082E43E /* Base */ = {isa = PBXFileReference; lastKnownFileType = file.xib; name = Base; path = Base.lproj/MainMenu.xib; sourceTree = "<group>"; };
		C0B85A772403531C0082E43E /* Info.plist */ = {isa = PBXFileReference; lastKnownFileType = text.plist.xml; path = Info.plist; sourceTree = "<group>"; };
		C0B85A782403531C0082E43E /* ElectroSpinner.entitlements */ = {isa = PBXFileReference; lastKnownFileType = text.plist.entitlements; path = ElectroSpinner.entitlements; sourceTree = "<group>"; };
		C0B85A7D2403531C0082E43E /* ElectroSpinnerTests.xctest */ = {isa = PBXFileReference; explicitFileType = wrapper.cfbundle; includeInIndex = 0; path = ElectroSpinnerTests.xctest; sourceTree = BUILT_PRODUCTS_DIR; };
		C0B85A812403531C0082E43E /* ElectroSpinnerTests.swift */ = {isa = PBXFileReference; lastKnownFileType = sourcecode.swift; path = ElectroSpinnerTests.swift; sourceTree = "<group>"; };
		C0B85A832403531C0082E43E /* Info.plist */ = {isa = PBXFileReference; lastKnownFileType = text.plist.xml; path = Info.plist; sourceTree = "<group>"; };
		C0B85A8C240382C20082E43E /* PrintButton.swift */ = {isa = PBXFileReference; lastKnownFileType = sourcecode.swift; path = PrintButton.swift; sourceTree = "<group>"; };
		C0B85A8E24038F330082E43E /* ElectroSpinnerController.swift */ = {isa = PBXFileReference; lastKnownFileType = sourcecode.swift; path = ElectroSpinnerController.swift; sourceTree = "<group>"; };
		C0F7A6AC2409AD3C008490BD /* VISA.framework */ = {isa = PBXFileReference; lastKnownFileType = wrapper.framework; name = VISA.framework; path = ../../../../../../../Library/Frameworks/VISA.framework; sourceTree = "<group>"; };
		C0F7A6B02409AD5C008490BD /* SwiftVISA.framework */ = {isa = PBXFileReference; lastKnownFileType = wrapper.framework; name = SwiftVISA.framework; path = ../../../../../Library/Frameworks/SwiftVISA.framework; sourceTree = "<group>"; };
		C0F7A6B6240B6F2B008490BD /* ElectroSpinnerView.swift */ = {isa = PBXFileReference; lastKnownFileType = sourcecode.swift; path = ElectroSpinnerView.swift; sourceTree = "<group>"; };
/* End PBXFileReference section */

/* Begin PBXFrameworksBuildPhase section */
		C0B85A6A2403531A0082E43E /* Frameworks */ = {
			isa = PBXFrameworksBuildPhase;
			buildActionMask = 2147483647;
			files = (
				C0F7A6AD2409AD3C008490BD /* VISA.framework in Frameworks */,
				C0F7A6B12409AD5C008490BD /* SwiftVISA.framework in Frameworks */,
			);
			runOnlyForDeploymentPostprocessing = 0;
		};
		C0B85A7A2403531C0082E43E /* Frameworks */ = {
			isa = PBXFrameworksBuildPhase;
			buildActionMask = 2147483647;
			files = (
			);
			runOnlyForDeploymentPostprocessing = 0;
		};
/* End PBXFrameworksBuildPhase section */

/* Begin PBXGroup section */
		C0B85A642403531A0082E43E = {
			isa = PBXGroup;
			children = (
				C0B85A6F2403531A0082E43E /* ElectroSpinner */,
				C0B85A802403531C0082E43E /* ElectroSpinnerTests */,
				C0B85A6E2403531A0082E43E /* Products */,
				C0B85A90240390C70082E43E /* Frameworks */,
			);
			sourceTree = "<group>";
		};
		C0B85A6E2403531A0082E43E /* Products */ = {
			isa = PBXGroup;
			children = (
				C0B85A6D2403531A0082E43E /* ElectroSpinner.app */,
				C0B85A7D2403531C0082E43E /* ElectroSpinnerTests.xctest */,
			);
			name = Products;
			sourceTree = "<group>";
		};
		C0B85A6F2403531A0082E43E /* ElectroSpinner */ = {
			isa = PBXGroup;
			children = (
				C0F7A6B3240B6AAC008490BD /* Equipment Controllers */,
				C0F7A6B5240B6ACF008490BD /* Views */,
				C0F7A6B4240B6ABF008490BD /* View Controllers */,
				C0B85A702403531A0082E43E /* AppDelegate.swift */,
				C0B85A742403531C0082E43E /* MainMenu.xib */,
				C0B85A722403531C0082E43E /* Assets.xcassets */,
				C0B85A772403531C0082E43E /* Info.plist */,
				C0B85A782403531C0082E43E /* ElectroSpinner.entitlements */,
			);
			path = ElectroSpinner;
			sourceTree = "<group>";
		};
		C0B85A802403531C0082E43E /* ElectroSpinnerTests */ = {
			isa = PBXGroup;
			children = (
				C0B85A812403531C0082E43E /* ElectroSpinnerTests.swift */,
				C0B85A832403531C0082E43E /* Info.plist */,
			);
			path = ElectroSpinnerTests;
			sourceTree = "<group>";
		};
		C0B85A90240390C70082E43E /* Frameworks */ = {
			isa = PBXGroup;
			children = (
				C0F7A6B02409AD5C008490BD /* SwiftVISA.framework */,
				C0F7A6AC2409AD3C008490BD /* VISA.framework */,
				C05CC4B9240726E100C8C1BA /* SwiftVISA.framework */,
			);
			name = Frameworks;
			sourceTree = "<group>";
		};
		C0F7A6B3240B6AAC008490BD /* Equipment Controllers */ = {
			isa = PBXGroup;
			children = (
				C0B85A8E24038F330082E43E /* ElectroSpinnerController.swift */,
				C05CC4BE2407298900C8C1BA /* WaveformController.swift */,
				C05CC4BC240728D500C8C1BA /* DCWaveformController.swift */,
			);
			path = "Equipment Controllers";
			sourceTree = "<group>";
		};
		C0F7A6B4240B6ABF008490BD /* View Controllers */ = {
			isa = PBXGroup;
			children = (
				C05F7DDE240627EA00A65674 /* ElectroSpinnerViewController.swift */,
			);
			path = "View Controllers";
			sourceTree = "<group>";
		};
		C0F7A6B5240B6ACF008490BD /* Views */ = {
			isa = PBXGroup;
			children = (
				C0B85A8C240382C20082E43E /* PrintButton.swift */,
				C0F7A6B6240B6F2B008490BD /* ElectroSpinnerView.swift */,
			);
			path = Views;
			sourceTree = "<group>";
		};
/* End PBXGroup section */

/* Begin PBXNativeTarget section */
		C0B85A6C2403531A0082E43E /* ElectroSpinner */ = {
			isa = PBXNativeTarget;
			buildConfigurationList = C0B85A862403531C0082E43E /* Build configuration list for PBXNativeTarget "ElectroSpinner" */;
			buildPhases = (
				C0B85A692403531A0082E43E /* Sources */,
				C0B85A6A2403531A0082E43E /* Frameworks */,
				C0B85A6B2403531A0082E43E /* Resources */,
				C0F7A6AF2409AD3C008490BD /* Embed Frameworks */,
			);
			buildRules = (
			);
			dependencies = (
			);
			name = ElectroSpinner;
			productName = ElectroSpinner;
			productReference = C0B85A6D2403531A0082E43E /* ElectroSpinner.app */;
			productType = "com.apple.product-type.application";
		};
		C0B85A7C2403531C0082E43E /* ElectroSpinnerTests */ = {
			isa = PBXNativeTarget;
			buildConfigurationList = C0B85A892403531C0082E43E /* Build configuration list for PBXNativeTarget "ElectroSpinnerTests" */;
			buildPhases = (
				C0B85A792403531C0082E43E /* Sources */,
				C0B85A7A2403531C0082E43E /* Frameworks */,
				C0B85A7B2403531C0082E43E /* Resources */,
			);
			buildRules = (
			);
			dependencies = (
				C0B85A7F2403531C0082E43E /* PBXTargetDependency */,
			);
			name = ElectroSpinnerTests;
			productName = ElectroSpinnerTests;
			productReference = C0B85A7D2403531C0082E43E /* ElectroSpinnerTests.xctest */;
			productType = "com.apple.product-type.bundle.unit-test";
		};
/* End PBXNativeTarget section */

/* Begin PBXProject section */
		C0B85A652403531A0082E43E /* Project object */ = {
			isa = PBXProject;
			attributes = {
				LastSwiftUpdateCheck = 1130;
				LastUpgradeCheck = 1130;
				ORGANIZATIONNAME = "Hildreth Research Group";
				TargetAttributes = {
					C0B85A6C2403531A0082E43E = {
						CreatedOnToolsVersion = 11.3.1;
					};
					C0B85A7C2403531C0082E43E = {
						CreatedOnToolsVersion = 11.3.1;
						TestTargetID = C0B85A6C2403531A0082E43E;
					};
				};
			};
			buildConfigurationList = C0B85A682403531A0082E43E /* Build configuration list for PBXProject "ElectroSpinner" */;
			compatibilityVersion = "Xcode 9.3";
			developmentRegion = en;
			hasScannedForEncodings = 0;
			knownRegions = (
				en,
				Base,
			);
			mainGroup = C0B85A642403531A0082E43E;
			productRefGroup = C0B85A6E2403531A0082E43E /* Products */;
			projectDirPath = "";
			projectRoot = "";
			targets = (
				C0B85A6C2403531A0082E43E /* ElectroSpinner */,
				C0B85A7C2403531C0082E43E /* ElectroSpinnerTests */,
			);
		};
/* End PBXProject section */

/* Begin PBXResourcesBuildPhase section */
		C0B85A6B2403531A0082E43E /* Resources */ = {
			isa = PBXResourcesBuildPhase;
			buildActionMask = 2147483647;
			files = (
				C0B85A732403531C0082E43E /* Assets.xcassets in Resources */,
				C0B85A762403531C0082E43E /* MainMenu.xib in Resources */,
			);
			runOnlyForDeploymentPostprocessing = 0;
		};
		C0B85A7B2403531C0082E43E /* Resources */ = {
			isa = PBXResourcesBuildPhase;
			buildActionMask = 2147483647;
			files = (
			);
			runOnlyForDeploymentPostprocessing = 0;
		};
/* End PBXResourcesBuildPhase section */

/* Begin PBXSourcesBuildPhase section */
		C0B85A692403531A0082E43E /* Sources */ = {
			isa = PBXSourcesBuildPhase;
			buildActionMask = 2147483647;
			files = (
				C05CC4BF2407298900C8C1BA /* WaveformController.swift in Sources */,
				C0B85A8F24038F330082E43E /* ElectroSpinnerController.swift in Sources */,
				C05F7DDF240627EA00A65674 /* ElectroSpinnerViewController.swift in Sources */,
				C05CC4BD240728D500C8C1BA /* DCWaveformController.swift in Sources */,
				C0B85A712403531A0082E43E /* AppDelegate.swift in Sources */,
				C0B85A8D240382C20082E43E /* PrintButton.swift in Sources */,
				C0F7A6B7240B6F2B008490BD /* ElectroSpinnerView.swift in Sources */,
			);
			runOnlyForDeploymentPostprocessing = 0;
		};
		C0B85A792403531C0082E43E /* Sources */ = {
			isa = PBXSourcesBuildPhase;
			buildActionMask = 2147483647;
			files = (
				C0B85A822403531C0082E43E /* ElectroSpinnerTests.swift in Sources */,
			);
			runOnlyForDeploymentPostprocessing = 0;
		};
/* End PBXSourcesBuildPhase section */

/* Begin PBXTargetDependency section */
		C0B85A7F2403531C0082E43E /* PBXTargetDependency */ = {
			isa = PBXTargetDependency;
			target = C0B85A6C2403531A0082E43E /* ElectroSpinner */;
			targetProxy = C0B85A7E2403531C0082E43E /* PBXContainerItemProxy */;
		};
/* End PBXTargetDependency section */

/* Begin PBXVariantGroup section */
		C0B85A742403531C0082E43E /* MainMenu.xib */ = {
			isa = PBXVariantGroup;
			children = (
				C0B85A752403531C0082E43E /* Base */,
			);
			name = MainMenu.xib;
			sourceTree = "<group>";
		};
/* End PBXVariantGroup section */

/* Begin XCBuildConfiguration section */
		C0B85A842403531C0082E43E /* Debug */ = {
			isa = XCBuildConfiguration;
			buildSettings = {
				ALWAYS_SEARCH_USER_PATHS = NO;
				CLANG_ANALYZER_NONNULL = YES;
				CLANG_ANALYZER_NUMBER_OBJECT_CONVERSION = YES_AGGRESSIVE;
				CLANG_CXX_LANGUAGE_STANDARD = "gnu++14";
				CLANG_CXX_LIBRARY = "libc++";
				CLANG_ENABLE_MODULES = YES;
				CLANG_ENABLE_OBJC_ARC = YES;
				CLANG_ENABLE_OBJC_WEAK = YES;
				CLANG_WARN_BLOCK_CAPTURE_AUTORELEASING = YES;
				CLANG_WARN_BOOL_CONVERSION = YES;
				CLANG_WARN_COMMA = YES;
				CLANG_WARN_CONSTANT_CONVERSION = YES;
				CLANG_WARN_DEPRECATED_OBJC_IMPLEMENTATIONS = YES;
				CLANG_WARN_DIRECT_OBJC_ISA_USAGE = YES_ERROR;
				CLANG_WARN_DOCUMENTATION_COMMENTS = YES;
				CLANG_WARN_EMPTY_BODY = YES;
				CLANG_WARN_ENUM_CONVERSION = YES;
				CLANG_WARN_INFINITE_RECURSION = YES;
				CLANG_WARN_INT_CONVERSION = YES;
				CLANG_WARN_NON_LITERAL_NULL_CONVERSION = YES;
				CLANG_WARN_OBJC_IMPLICIT_RETAIN_SELF = YES;
				CLANG_WARN_OBJC_LITERAL_CONVERSION = YES;
				CLANG_WARN_OBJC_ROOT_CLASS = YES_ERROR;
				CLANG_WARN_RANGE_LOOP_ANALYSIS = YES;
				CLANG_WARN_STRICT_PROTOTYPES = YES;
				CLANG_WARN_SUSPICIOUS_MOVE = YES;
				CLANG_WARN_UNGUARDED_AVAILABILITY = YES_AGGRESSIVE;
				CLANG_WARN_UNREACHABLE_CODE = YES;
				CLANG_WARN__DUPLICATE_METHOD_MATCH = YES;
				COPY_PHASE_STRIP = NO;
				DEBUG_INFORMATION_FORMAT = dwarf;
				ENABLE_STRICT_OBJC_MSGSEND = YES;
				ENABLE_TESTABILITY = YES;
				GCC_C_LANGUAGE_STANDARD = gnu11;
				GCC_DYNAMIC_NO_PIC = NO;
				GCC_NO_COMMON_BLOCKS = YES;
				GCC_OPTIMIZATION_LEVEL = 0;
				GCC_PREPROCESSOR_DEFINITIONS = (
					"DEBUG=1",
					"$(inherited)",
				);
				GCC_WARN_64_TO_32_BIT_CONVERSION = YES;
				GCC_WARN_ABOUT_RETURN_TYPE = YES_ERROR;
				GCC_WARN_UNDECLARED_SELECTOR = YES;
				GCC_WARN_UNINITIALIZED_AUTOS = YES_AGGRESSIVE;
				GCC_WARN_UNUSED_FUNCTION = YES;
				GCC_WARN_UNUSED_VARIABLE = YES;
				MACOSX_DEPLOYMENT_TARGET = 10.14;
				MTL_ENABLE_DEBUG_INFO = INCLUDE_SOURCE;
				MTL_FAST_MATH = YES;
				ONLY_ACTIVE_ARCH = YES;
				SDKROOT = macosx;
				SWIFT_ACTIVE_COMPILATION_CONDITIONS = DEBUG;
				SWIFT_OPTIMIZATION_LEVEL = "-Onone";
			};
			name = Debug;
		};
		C0B85A852403531C0082E43E /* Release */ = {
			isa = XCBuildConfiguration;
			buildSettings = {
				ALWAYS_SEARCH_USER_PATHS = NO;
				CLANG_ANALYZER_NONNULL = YES;
				CLANG_ANALYZER_NUMBER_OBJECT_CONVERSION = YES_AGGRESSIVE;
				CLANG_CXX_LANGUAGE_STANDARD = "gnu++14";
				CLANG_CXX_LIBRARY = "libc++";
				CLANG_ENABLE_MODULES = YES;
				CLANG_ENABLE_OBJC_ARC = YES;
				CLANG_ENABLE_OBJC_WEAK = YES;
				CLANG_WARN_BLOCK_CAPTURE_AUTORELEASING = YES;
				CLANG_WARN_BOOL_CONVERSION = YES;
				CLANG_WARN_COMMA = YES;
				CLANG_WARN_CONSTANT_CONVERSION = YES;
				CLANG_WARN_DEPRECATED_OBJC_IMPLEMENTATIONS = YES;
				CLANG_WARN_DIRECT_OBJC_ISA_USAGE = YES_ERROR;
				CLANG_WARN_DOCUMENTATION_COMMENTS = YES;
				CLANG_WARN_EMPTY_BODY = YES;
				CLANG_WARN_ENUM_CONVERSION = YES;
				CLANG_WARN_INFINITE_RECURSION = YES;
				CLANG_WARN_INT_CONVERSION = YES;
				CLANG_WARN_NON_LITERAL_NULL_CONVERSION = YES;
				CLANG_WARN_OBJC_IMPLICIT_RETAIN_SELF = YES;
				CLANG_WARN_OBJC_LITERAL_CONVERSION = YES;
				CLANG_WARN_OBJC_ROOT_CLASS = YES_ERROR;
				CLANG_WARN_RANGE_LOOP_ANALYSIS = YES;
				CLANG_WARN_STRICT_PROTOTYPES = YES;
				CLANG_WARN_SUSPICIOUS_MOVE = YES;
				CLANG_WARN_UNGUARDED_AVAILABILITY = YES_AGGRESSIVE;
				CLANG_WARN_UNREACHABLE_CODE = YES;
				CLANG_WARN__DUPLICATE_METHOD_MATCH = YES;
				COPY_PHASE_STRIP = NO;
				DEBUG_INFORMATION_FORMAT = "dwarf-with-dsym";
				ENABLE_NS_ASSERTIONS = NO;
				ENABLE_STRICT_OBJC_MSGSEND = YES;
				GCC_C_LANGUAGE_STANDARD = gnu11;
				GCC_NO_COMMON_BLOCKS = YES;
				GCC_WARN_64_TO_32_BIT_CONVERSION = YES;
				GCC_WARN_ABOUT_RETURN_TYPE = YES_ERROR;
				GCC_WARN_UNDECLARED_SELECTOR = YES;
				GCC_WARN_UNINITIALIZED_AUTOS = YES_AGGRESSIVE;
				GCC_WARN_UNUSED_FUNCTION = YES;
				GCC_WARN_UNUSED_VARIABLE = YES;
				MACOSX_DEPLOYMENT_TARGET = 10.14;
				MTL_ENABLE_DEBUG_INFO = NO;
				MTL_FAST_MATH = YES;
				SDKROOT = macosx;
				SWIFT_COMPILATION_MODE = wholemodule;
				SWIFT_OPTIMIZATION_LEVEL = "-O";
			};
			name = Release;
		};
		C0B85A872403531C0082E43E /* Debug */ = {
			isa = XCBuildConfiguration;
			buildSettings = {
				ASSETCATALOG_COMPILER_APPICON_NAME = AppIcon;
				CODE_SIGN_ENTITLEMENTS = ElectroSpinner/ElectroSpinner.entitlements;
				CODE_SIGN_IDENTITY = "Apple Development";
				CODE_SIGN_STYLE = Manual;
				COMBINE_HIDPI_IMAGES = YES;
				DEVELOPMENT_TEAM = Z553N3QGMH;
				ENABLE_HARDENED_RUNTIME = YES;
				FRAMEWORK_SEARCH_PATHS = (
					"$(inherited)",
					"$(PROJECT_DIR)",
					"$(USER_LIBRARY_DIR)/Frameworks",
					"$(LOCAL_LIBRARY_DIR)/Frameworks",
				);
				INFOPLIST_FILE = ElectroSpinner/Info.plist;
				LD_RUNPATH_SEARCH_PATHS = (
					"$(inherited)",
					"@executable_path/../Frameworks",
				);
				PRODUCT_BUNDLE_IDENTIFIER = com.HRG.ElectroSpinner;
				PRODUCT_NAME = "$(TARGET_NAME)";
				PROVISIONING_PROFILE_SPECIFIER = "";
				SWIFT_VERSION = 5.0;
			};
			name = Debug;
		};
		C0B85A882403531C0082E43E /* Release */ = {
			isa = XCBuildConfiguration;
			buildSettings = {
				ASSETCATALOG_COMPILER_APPICON_NAME = AppIcon;
				CODE_SIGN_ENTITLEMENTS = ElectroSpinner/ElectroSpinner.entitlements;
				CODE_SIGN_IDENTITY = "Apple Development";
				CODE_SIGN_STYLE = Manual;
				COMBINE_HIDPI_IMAGES = YES;
				DEVELOPMENT_TEAM = Z553N3QGMH;
				ENABLE_HARDENED_RUNTIME = YES;
				FRAMEWORK_SEARCH_PATHS = (
					"$(inherited)",
					"$(PROJECT_DIR)",
					"$(USER_LIBRARY_DIR)/Frameworks",
					"$(LOCAL_LIBRARY_DIR)/Frameworks",
				);
				INFOPLIST_FILE = ElectroSpinner/Info.plist;
				LD_RUNPATH_SEARCH_PATHS = (
					"$(inherited)",
					"@executable_path/../Frameworks",
				);
				PRODUCT_BUNDLE_IDENTIFIER = com.HRG.ElectroSpinner;
				PRODUCT_NAME = "$(TARGET_NAME)";
				PROVISIONING_PROFILE_SPECIFIER = "";
				SWIFT_VERSION = 5.0;
			};
			name = Release;
		};
		C0B85A8A2403531C0082E43E /* Debug */ = {
			isa = XCBuildConfiguration;
			buildSettings = {
				ALWAYS_EMBED_SWIFT_STANDARD_LIBRARIES = YES;
				BUNDLE_LOADER = "$(TEST_HOST)";
				CODE_SIGN_STYLE = Automatic;
				COMBINE_HIDPI_IMAGES = YES;
				DEVELOPMENT_TEAM = Z553N3QGMH;
				INFOPLIST_FILE = ElectroSpinnerTests/Info.plist;
				LD_RUNPATH_SEARCH_PATHS = (
					"$(inherited)",
					"@executable_path/../Frameworks",
					"@loader_path/../Frameworks",
				);
				MACOSX_DEPLOYMENT_TARGET = 10.14;
				PRODUCT_BUNDLE_IDENTIFIER = com.HRG.ElectroSpinnerTests;
				PRODUCT_NAME = "$(TARGET_NAME)";
				SWIFT_VERSION = 5.0;
				TEST_HOST = "$(BUILT_PRODUCTS_DIR)/ElectroSpinner.app/Contents/MacOS/ElectroSpinner";
			};
			name = Debug;
		};
		C0B85A8B2403531C0082E43E /* Release */ = {
			isa = XCBuildConfiguration;
			buildSettings = {
				ALWAYS_EMBED_SWIFT_STANDARD_LIBRARIES = YES;
				BUNDLE_LOADER = "$(TEST_HOST)";
				CODE_SIGN_STYLE = Automatic;
				COMBINE_HIDPI_IMAGES = YES;
				DEVELOPMENT_TEAM = Z553N3QGMH;
				INFOPLIST_FILE = ElectroSpinnerTests/Info.plist;
				LD_RUNPATH_SEARCH_PATHS = (
					"$(inherited)",
					"@executable_path/../Frameworks",
					"@loader_path/../Frameworks",
				);
				MACOSX_DEPLOYMENT_TARGET = 10.14;
				PRODUCT_BUNDLE_IDENTIFIER = com.HRG.ElectroSpinnerTests;
				PRODUCT_NAME = "$(TARGET_NAME)";
				SWIFT_VERSION = 5.0;
				TEST_HOST = "$(BUILT_PRODUCTS_DIR)/ElectroSpinner.app/Contents/MacOS/ElectroSpinner";
			};
			name = Release;
		};
/* End XCBuildConfiguration section */

/* Begin XCConfigurationList section */
		C0B85A682403531A0082E43E /* Build configuration list for PBXProject "ElectroSpinner" */ = {
			isa = XCConfigurationList;
			buildConfigurations = (
				C0B85A842403531C0082E43E /* Debug */,
				C0B85A852403531C0082E43E /* Release */,
			);
			defaultConfigurationIsVisible = 0;
			defaultConfigurationName = Release;
		};
		C0B85A862403531C0082E43E /* Build configuration list for PBXNativeTarget "ElectroSpinner" */ = {
			isa = XCConfigurationList;
			buildConfigurations = (
				C0B85A872403531C0082E43E /* Debug */,
				C0B85A882403531C0082E43E /* Release */,
			);
			defaultConfigurationIsVisible = 0;
			defaultConfigurationName = Release;
		};
		C0B85A892403531C0082E43E /* Build configuration list for PBXNativeTarget "ElectroSpinnerTests" */ = {
			isa = XCConfigurationList;
			buildConfigurations = (
				C0B85A8A2403531C0082E43E /* Debug */,
				C0B85A8B2403531C0082E43E /* Release */,
			);
			defaultConfigurationIsVisible = 0;
			defaultConfigurationName = Release;
		};
/* End XCConfigurationList section */
	};
	rootObject = C0B85A652403531A0082E43E /* Project object */;
}
